
Microsoft Visual Studio Solution File, Format Version 12.00
# Visual Studio 15
VisualStudioVersion = 15.0.27703.2035
MinimumVisualStudioVersion = 10.0.40219.1
Project("{FAE04EC0-301F-11D3-BF4B-00C04F79EFBC}") = "MicroSistema", "MicroSistema.csproj", "{25D8D00A-DD04-4B3F-998E-0EE4B41B9DCA}"
EndProject
Global
	GlobalSection(SolutionConfigurationPlatforms) = preSolution
		Debug|Any CPU = Debug|Any CPU
		Release|Any CPU = Release|Any CPU
	EndGlobalSection
	GlobalSection(ProjectConfigurationPlatforms) = postSolution
		{25D8D00A-DD04-4B3F-998E-0EE4B41B9DCA}.Debug|Any CPU.ActiveCfg = Debug|Any CPU
		{25D8D00A-DD04-4B3F-998E-0EE4B41B9DCA}.Debug|Any CPU.Build.0 = Debug|Any CPU
		{25D8D00A-DD04-4B3F-998E-0EE4B41B9DCA}.Release|Any CPU.ActiveCfg = Release|Any CPU
		{25D8D00A-DD04-4B3F-998E-0EE4B41B9DCA}.Release|Any CPU.Build.0 = Release|Any CPU
	EndGlobalSection
	GlobalSection(SolutionProperties) = preSolution
		HideSolutionNode = FALSE
	EndGlobalSection
	GlobalSection(ExtensibilityGlobals) = postSolution
		SolutionGuid = {6B7A511E-A962-47EA-8611-2CEB65CE4A72}
	EndGlobalSection
EndGlobal
